- platform: template
  sensors:
    alarm_clock_hour:
      value_template: '{{ states.input_number.alarm_clock_hour.state | int }}'
    alarm_clock_minutes:
      value_template: '{{ states.input_number.alarm_clock_minutes.state | int }}'
    alarm_clock_time:
      value_template: >-
        {{ states.sensor.alarm_clock_hour.state }}:
        {%- if states.sensor.alarm_clock_minutes.state|length == 1 -%}
          0
        {%- endif -%}
          {{ states.sensor.alarm_clock_minutes.state }}
    alarm_clock_time_long:
      value_template: >-
        {% if states.sensor.alarm_clock_hour.state|length == 1 -%}
          0
        {%- endif -%}
          {{ states.sensor.alarm_clock_hour.state }}:
        {%- if states.sensor.alarm_clock_minutes.state|length == 1 -%}
          0
        {%- endif -%}
          {{ states.sensor.alarm_clock_minutes.state }}
